{
  "version": 4,
  "terraform_version": "0.13.4",
  "serial": 3,
  "lineage": "e641a882-6168-a925-259f-74e2df9f229a",
  "outputs": {},
  "resources": [
    {
      "module": "module.primaryRegion",
      "mode": "managed",
      "type": "azurerm_resource_group",
      "name": "rg",
      "provider": "provider[\"registry.terraform.io/hashicorp/azurerm\"]",
      "instances": [
        {
          "schema_version": 0,
          "attributes": {
            "id": "/subscriptions/171e7c21-2601-4b72-8c7e-1e53dc33c3fc/resourceGroups/southcentralus-942kjafi3aife-rg",
            "location": "southcentralus",
            "name": "southcentralus-942kjafi3aife-rg",
            "tags": null,
            "timeouts": null
          },
          "private": "eyJlMmJmYjczMC1lY2FhLTExZTYtOGY4OC0zNDM2M2JjN2M0YzAiOnsiY3JlYXRlIjo1NDAwMDAwMDAwMDAwLCJkZWxldGUiOjU0MDAwMDAwMDAwMDAsInJlYWQiOjMwMDAwMDAwMDAwMCwidXBkYXRlIjo1NDAwMDAwMDAwMDAwfX0="
        }
      ]
    },
    {
      "module": "module.secondaryRegion",
      "mode": "managed",
      "type": "azurerm_resource_group",
      "name": "rg",
      "provider": "provider[\"registry.terraform.io/hashicorp/azurerm\"]",
      "instances": [
        {
          "schema_version": 0,
          "attributes": {
            "id": "/subscriptions/171e7c21-2601-4b72-8c7e-1e53dc33c3fc/resourceGroups/northcentralus-942kjafi3aife-rg",
            "location": "northcentralus",
            "name": "northcentralus-942kjafi3aife-rg",
            "tags": null,
            "timeouts": null
          },
          "private": "eyJlMmJmYjczMC1lY2FhLTExZTYtOGY4OC0zNDM2M2JjN2M0YzAiOnsiY3JlYXRlIjo1NDAwMDAwMDAwMDAwLCJkZWxldGUiOjU0MDAwMDAwMDAwMDAsInJlYWQiOjMwMDAwMDAwMDAwMCwidXBkYXRlIjo1NDAwMDAwMDAwMDAwfX0="
        }
      ]
    }
  ]
}
